{
  "name": "foundry-hosted-agents-deliverables",
  "version": "1.0.0",
  "lockfileVersion": 3,
  "requires": true,
  "packages": {
    "": {
      "name": "foundry-hosted-agents-deliverables",
      "version": "1.0.0",
      "dependencies": {
        "pptxgenjs": "file:./vendor-tarballs/pptxgenjs-4.0.1.tgz"
      }
    },
    "node_modules/@types/node": {
      "version": "26.4.0",
      "resolved": "file:vendor-tarballs/types-node-26.4.0.tgz",
      "integrity": "sha512-faiGnoIrLH/V8cibOMEAZ8pMw6oXqSukl29ra4mN8GdaB2ZewzeaLj+INpV5N+Z1eKWzY+IzaIZH2EIR6YZRNQ==",
      "license": "MIT",
      "dependencies": {
        "undici-types": "~8.3.0"
      }
    },
    "node_modules/https": {
      "version": "1.0.0",
      "resolved": "file:vendor-tarballs/https-1.0.0.tgz",
      "integrity": "sha512-4EC57ddXrkaF0x83Oj8sM6SLQHAWXw90Skqu2M4AEWENZ3F02dFJE/GARA8igO79tcgYqGrD7ae4f5L3um2lgg==",
      "license": "ISC"
    },
    "node_modules/image-size": {
      "version": "2.0.2",
      "resolved": "file:vendor-tarballs/image-size-2.0.2.tgz",
      "integrity": "sha512-IRqXKlaXwgSMAMtpNzZa1ZAe8m+Sa1770Dhk8VkSsP9LS+iHD62Zd8FQKs8fbPiagBE7BzoFX23cxFnwshpV6w==",
      "license": "MIT",
      "bin": {
        "image-size": "bin/image-size.js"
      },
      "engines": {
        "node": ">=16.x"
      }
    },
    "node_modules/jszip": {
      "version": "3.10.1",
      "resolved": "file:vendor-tarballs/jszip-3.10.1.tgz",
      "integrity": "sha512-xXDvecyTpGLrqFrvkrUSoxxfJI5AH7U8zxxtVclpsUtMCq4JQ290LY8AW5c7Ggnr/Y/oK+bQMbqK2qmtk3pN4g==",
      "license": "(MIT OR GPL-3.0-or-later)",
      "dependencies": {
        "lie": "~3.3.0",
        "pako": "~1.0.2",
        "readable-stream": "~2.3.6",
        "setimmediate": "^1.0.5"
      }
    },
    "node_modules/lie": {
      "resolved": "vendor/lie",
      "link": true
    },
    "node_modules/pako": {
      "resolved": "vendor/pako",
      "link": true
    },
    "node_modules/pptxgenjs": {
      "version": "4.0.1",
      "resolved": "file:vendor-tarballs/pptxgenjs-4.0.1.tgz",
      "integrity": "sha512-TeJISr8wouAuXw4C1F/mC33xbZs/FuEG6nH9FG1Zj+nuPcGMP5YRHl6X+j3HSUnS1f3at6k75ZZXPMZlA5Lj9A==",
      "license": "MIT",
      "dependencies": {
        "@types/node": "^22.8.1",
        "https": "^1.0.0",
        "image-size": "^1.2.1",
        "jszip": "^3.10.1"
      }
    },
    "node_modules/readable-stream": {
      "resolved": "vendor/readable-stream",
      "link": true
    },
    "node_modules/setimmediate": {
      "resolved": "vendor/setimmediate",
      "link": true
    },
    "node_modules/undici-types": {
      "resolved": "vendor/undici-types",
      "link": true
    },
    "vendor/lie": {
      "version": "3.3.0",
      "license": "MIT"
    },
    "vendor/pako": {
      "version": "1.0.11",
      "license": "MIT"
    },
    "vendor/readable-stream": {
      "version": "3.6.2",
      "license": "MIT"
    },
    "vendor/setimmediate": {
      "version": "1.0.5",
      "license": "MIT"
    },
    "vendor/undici-types": {
      "version": "5.26.5",
      "license": "MIT"
    }
  }
}
